# THIS IS AN AUTOGENERATED FILE. DO NOT EDIT THIS FILE DIRECTLY.
# yarn lockfile v1


lodash.countby@^4.6.0:
  version "4.6.0"
  resolved "https://registry.yarnpkg.com/lodash.countby/-/lodash.countby-4.6.0.tgz#5351f24de16724a0059b561f920b0d80af78a33c"
  integrity sha1-U1HyTeFnJKAFm1YfkgsNgK94ozw=

lodash.identity@^3.0.0:
  version "3.0.0"
  resolved "https://registry.yarnpkg.com/lodash.identity/-/lodash.identity-3.0.0.tgz#ad7bc6a4e647d79c972e1b80feef7af156267876"
  integrity sha1-rXvGpOZH15yXLhuA/u968VYmeHY=
