# THIS IS AN AUTOGENERATED FILE. DO NOT EDIT THIS FILE DIRECTLY.
# yarn lockfile v1


lodash._basecallback@^3.0.0:
  version "3.3.1"
  resolved "https://registry.yarnpkg.com/lodash._basecallback/-/lodash._basecallback-3.3.1.tgz#b7b2bb43dc2160424a21ccf26c57e443772a8e27"
  integrity sha1-t7K7Q9whYEJKIczybFfkQ3cqjic=
  dependencies:
    lodash._baseisequal "^3.0.0"
    lodash._bindcallback "^3.0.0"
    lodash.isarray "^3.0.0"
    lodash.pairs "^3.0.0"

lodash._baseeach@^3.0.0:
  version "3.0.4"
  resolved "https://registry.yarnpkg.com/lodash._baseeach/-/lodash._baseeach-3.0.4.tgz#cf8706572ca144e8d9d75227c990da982f932af3"
  integrity sha1-z4cGVyyhROjZ11InyZDamC+TKvM=
  dependencies:
    lodash.keys "^3.0.0"

lodash._baseisequal@^3.0.0:
  version "3.0.7"
  resolved "https://registry.yarnpkg.com/lodash._baseisequal/-/lodash._baseisequal-3.0.7.tgz#d8025f76339d29342767dcc887ce5cb95a5b51f1"
  integrity sha1-2AJfdjOdKTQnZ9zIh85cuVpbUfE=
  dependencies:
    lodash.isarray "^3.0.0"
    lodash.istypedarray "^3.0.0"
    lodash.keys "^3.0.0"

lodash._bindcallback@^3.0.0:
  version "3.0.1"
  resolved "https://registry.yarnpkg.com/lodash._bindcallback/-/lodash._bindcallback-3.0.1.tgz#e531c27644cf8b57a99e17ed95b35c748789392e"
  integrity sha1-5THCdkTPi1epnhftlbNcdIeJOS4=

lodash._createaggregator@^3.0.0:
  version "3.0.0"
  resolved "https://registry.yarnpkg.com/lodash._createaggregator/-/lodash._createaggregator-3.0.0.tgz#d66cbf39949b050d87df53461f0d059dfb08dc9f"
  integrity sha1-1my/OZSbBQ2H31NGHw0FnfsI3J8=
  dependencies:
    lodash._basecallback "^3.0.0"
    lodash._baseeach "^3.0.0"
    lodash.isarray "^3.0.0"

lodash._getnative@^3.0.0:
  version "3.9.1"
  resolved "https://registry.yarnpkg.com/lodash._getnative/-/lodash._getnative-3.9.1.tgz#570bc7dede46d61cdcde687d65d3eecbaa3aaff5"
  integrity sha1-VwvH3t5G1hzc3mh9ZdPuy6o6r/U=

lodash.countby@^3.1.1:
  version "3.1.1"
  resolved "https://registry.yarnpkg.com/lodash.countby/-/lodash.countby-3.1.1.tgz#9e1bd61d403674c90a8cc0371ab935d0233a7276"
  integrity sha1-nhvWHUA2dMkKjMA3Grk10CM6cnY=
  dependencies:
    lodash._createaggregator "^3.0.0"
    lodash.keys "^3.0.0"

lodash.identity@^3.0.0:
  version "3.0.0"
  resolved "https://registry.yarnpkg.com/lodash.identity/-/lodash.identity-3.0.0.tgz#ad7bc6a4e647d79c972e1b80feef7af156267876"
  integrity sha1-rXvGpOZH15yXLhuA/u968VYmeHY=

lodash.isarguments@^3.0.0:
  version "3.1.0"
  resolved "https://registry.yarnpkg.com/lodash.isarguments/-/lodash.isarguments-3.1.0.tgz#2f573d85c6a24289ff00663b491c1d338ff3458a"
  integrity sha1-L1c9hcaiQon/AGY7SRwdM4/zRYo=

lodash.isarray@^3.0.0:
  version "3.0.4"
  resolved "https://registry.yarnpkg.com/lodash.isarray/-/lodash.isarray-3.0.4.tgz#79e4eb88c36a8122af86f844aa9bcd851b5fbb55"
  integrity sha1-eeTriMNqgSKvhvhEqpvNhRtfu1U=

lodash.istypedarray@^3.0.0:
  version "3.0.6"
  resolved "https://registry.yarnpkg.com/lodash.istypedarray/-/lodash.istypedarray-3.0.6.tgz#c9a477498607501d8e8494d283b87c39281cef62"
  integrity sha1-yaR3SYYHUB2OhJTSg7h8OSgc72I=

lodash.keys@^3.0.0:
  version "3.1.2"
  resolved "https://registry.yarnpkg.com/lodash.keys/-/lodash.keys-3.1.2.tgz#4dbc0472b156be50a0b286855d1bd0b0c656098a"
  integrity sha1-TbwEcrFWvlCgsoaFXRvQsMZWCYo=
  dependencies:
    lodash._getnative "^3.0.0"
    lodash.isarguments "^3.0.0"
    lodash.isarray "^3.0.0"

lodash.pairs@^3.0.0:
  version "3.0.1"
  resolved "https://registry.yarnpkg.com/lodash.pairs/-/lodash.pairs-3.0.1.tgz#bbe08d5786eeeaa09a15c91ebf0dcb7d2be326a9"
  integrity sha1-u+CNV4bu6qCaFckevw3LfSvjJqk=
  dependencies:
    lodash.keys "^3.0.0"
